
Microsoft Visual Studio Solution File, Format Version 12.00
# Visual Studio Version 16
VisualStudioVersion = 16.0.32126.315
MinimumVisualStudioVersion = 10.0.40219.1
Project("{FAE04EC0-301F-11D3-BF4B-00C04F79EFBC}") = "Gauss-Jordan", "Gauss-Jordan\Gauss-Jordan.csproj", "{A94D4886-2388-46BC-879F-C9F0DDA611A4}"
EndProject
Global
	GlobalSection(SolutionConfigurationPlatforms) = preSolution
		Debug|Any CPU = Debug|Any CPU
		Release|Any CPU = Release|Any CPU
	EndGlobalSection
	GlobalSection(ProjectConfigurationPlatforms) = postSolution
		{A94D4886-2388-46BC-879F-C9F0DDA611A4}.Debug|Any CPU.ActiveCfg = Debug|Any CPU
		{A94D4886-2388-46BC-879F-C9F0DDA611A4}.Debug|Any CPU.Build.0 = Debug|Any CPU
		{A94D4886-2388-46BC-879F-C9F0DDA611A4}.Release|Any CPU.ActiveCfg = Release|Any CPU
		{A94D4886-2388-46BC-879F-C9F0DDA611A4}.Release|Any CPU.Build.0 = Release|Any CPU
	EndGlobalSection
	GlobalSection(SolutionProperties) = preSolution
		HideSolutionNode = FALSE
	EndGlobalSection
	GlobalSection(ExtensibilityGlobals) = postSolution
		SolutionGuid = {8C8C49E7-2AA0-4A7E-B684-88EA590286AF}
	EndGlobalSection
EndGlobal
